// !$*UTF8*$!
{
	archiveVersion = 1;
	classes = {
	};
	objectVersion = 42;
	objects = {

/* Begin PBXBuildFile section */
		F9BA94FA0CE920DE008C77DE /* Cancel.png in Resources */ = {isa = PBXBuildFile; fileRef = 968A069C0BE28157001F830D /* Cancel.png */; };
		F9BA94FB0CE920DE008C77DE /* defaults.plist in Resources */ = {isa = PBXBuildFile; fileRef = 968A06A20BE28157001F830D /* defaults.plist */; };
		F9BA94FC0CE920DE008C77DE /* Download.png in Resources */ = {isa = PBXBuildFile; fileRef = 968A06A30BE28157001F830D /* Download.png */; };
		F9BA94FD0CE920DE008C77DE /* ffmpeg in Resources */ = {isa = PBXBuildFile; fileRef = 968A06AC0BE28157001F830D /* ffmpeg */; };
		F9BA94FE0CE920DE008C77DE /* FLVR.icns in Resources */ = {isa = PBXBuildFile; fileRef = 968A06AD0BE28157001F830D /* FLVR.icns */; };
		F9BA95010CE920DE008C77DE /* NameAndVersion.png in Resources */ = {isa = PBXBuildFile; fileRef = 968A06C00BE28157001F830D /* NameAndVersion.png */; };
		F9BA95030CE920DE008C77DE /* RevealInFinder.png in Resources */ = {isa = PBXBuildFile; fileRef = 968A06C80BE28157001F830D /* RevealInFinder.png */; };
		F9BA95090CE920DE008C77DE /* Download.psd in Resources */ = {isa = PBXBuildFile; fileRef = 9655AF340BE33F2700B24313 /* Download.psd */; };
		F9BA950A0CE920DE008C77DE /* RevealInFinder.psd in Resources */ = {isa = PBXBuildFile; fileRef = 9655AF350BE33F2700B24313 /* RevealInFinder.psd */; };
		F9BA950D0CE920DE008C77DE /* LICENSE in Resources */ = {isa = PBXBuildFile; fileRef = F99A76F70CE395F400781C2D /* LICENSE */; };
		F9BA950E0CE920F0008C77DE /* NSBezierPath+SourApps.m in Sources */ = {isa = PBXBuildFile; fileRef = 968A06620BE28101001F830D /* NSBezierPath+SourApps.m */; };
		F9BA950F0CE920F0008C77DE /* NSImage+SourApps.m in Sources */ = {isa = PBXBuildFile; fileRef = 968A06650BE28101001F830D /* NSImage+SourApps.m */; };
		F9BA95100CE920F0008C77DE /* NSURLConnection+FLVR.m in Sources */ = {isa = PBXBuildFile; fileRef = 968A06690BE28101001F830D /* NSURLConnection+FLVR.m */; };
		F9BA95150CE920F0008C77DE /* FLVRVideo.m in Sources */ = {isa = PBXBuildFile; fileRef = 968A06730BE28101001F830D /* FLVRVideo.m */; };
		F9BA95160CE920F0008C77DE /* FLVRVideoInterceptor.m in Sources */ = {isa = PBXBuildFile; fileRef = 968A06760BE28101001F830D /* FLVRVideoInterceptor.m */; };
		F9BA951A0CE920F0008C77DE /* FLVRNowPlayingView.m in Sources */ = {isa = PBXBuildFile; fileRef = 968A06810BE28102001F830D /* FLVRNowPlayingView.m */; };
		F9BA951C0CE920F0008C77DE /* FLVRScrollView.m in Sources */ = {isa = PBXBuildFile; fileRef = 968A06850BE28102001F830D /* FLVRScrollView.m */; };
		F9BA951D0CE920F0008C77DE /* FLVRVideoCell.m in Sources */ = {isa = PBXBuildFile; fileRef = 968A06870BE28102001F830D /* FLVRVideoCell.m */; };
		F9BA951E0CE920F0008C77DE /* CTGradient.m in Sources */ = {isa = PBXBuildFile; fileRef = 968A072E0BE28378001F830D /* CTGradient.m */; };
		F9BA95200CE92103008C77DE /* Cocoa.framework in Frameworks */ = {isa = PBXBuildFile; fileRef = 1058C7ADFEA557BF11CA2CBB /* Cocoa.framework */; };
		F9BA95420CE922DD008C77DE /* main.m in Sources */ = {isa = PBXBuildFile; fileRef = F9BA95410CE922DD008C77DE /* main.m */; };
		F9BA958F0CE93447008C77DE /* WebKit.framework in Frameworks */ = {isa = PBXBuildFile; fileRef = F9BA958E0CE93447008C77DE /* WebKit.framework */; };
		F9BA97100CE94B8F008C77DE /* MainMenu.nib in Resources */ = {isa = PBXBuildFile; fileRef = F9BA970F0CE94B8F008C77DE /* MainMenu.nib */; };
		F9BA971E0CE94BA8008C77DE /* DragDropTargetView.m in Sources */ = {isa = PBXBuildFile; fileRef = F9BA97130CE94BA7008C77DE /* DragDropTargetView.m */; };
		F9BA971F0CE94BA8008C77DE /* FLVR.m in Sources */ = {isa = PBXBuildFile; fileRef = F9BA97150CE94BA7008C77DE /* FLVR.m */; };
		F9BA97830CE94CCF008C77DE /* AddressBook.framework in Frameworks */ = {isa = PBXBuildFile; fileRef = F9BA97820CE94CCF008C77DE /* AddressBook.framework */; };
		F9D0331E0CEA2A2F009893BC /* DropBackground.png in Resources */ = {isa = PBXBuildFile; fileRef = F9D0331B0CEA2A2F009893BC /* DropBackground.png */; };
		F9D0331F0CEA2A2F009893BC /* DropWait.png in Resources */ = {isa = PBXBuildFile; fileRef = F9D0331C0CEA2A2F009893BC /* DropWait.png */; };
		F9D033200CEA2A2F009893BC /* DropIcon.png in Resources */ = {isa = PBXBuildFile; fileRef = F9D0331D0CEA2A2F009893BC /* DropIcon.png */; };
/* End PBXBuildFile section */

/* Begin PBXFileReference section */
		089C1672FE841209C02AAC07 /* Foundation.framework */ = {isa = PBXFileReference; lastKnownFileType = wrapper.framework; name = Foundation.framework; path = /System/Library/Frameworks/Foundation.framework; sourceTree = "<absolute>"; };
		089C167FFE841241C02AAC07 /* AppKit.framework */ = {isa = PBXFileReference; lastKnownFileType = wrapper.framework; name = AppKit.framework; path = /System/Library/Frameworks/AppKit.framework; sourceTree = "<absolute>"; };
		1058C7ADFEA557BF11CA2CBB /* Cocoa.framework */ = {isa = PBXFileReference; lastKnownFileType = wrapper.framework; name = Cocoa.framework; path = /System/Library/Frameworks/Cocoa.framework; sourceTree = "<absolute>"; };
		9655AF340BE33F2700B24313 /* Download.psd */ = {isa = PBXFileReference; lastKnownFileType = file; path = Download.psd; sourceTree = "<group>"; };
		9655AF350BE33F2700B24313 /* RevealInFinder.psd */ = {isa = PBXFileReference; lastKnownFileType = file; path = RevealInFinder.psd; sourceTree = "<group>"; };
		968A06620BE28101001F830D /* NSBezierPath+SourApps.m */ = {isa = PBXFileReference; fileEncoding = 4; lastKnownFileType = sourcecode.c.objc; path = "NSBezierPath+SourApps.m"; sourceTree = "<group>"; };
		968A06640BE28101001F830D /* NSImage+SourApps.h */ = {isa = PBXFileReference; fileEncoding = 4; lastKnownFileType = sourcecode.c.h; path = "NSImage+SourApps.h"; sourceTree = "<group>"; };
		968A06650BE28101001F830D /* NSImage+SourApps.m */ = {isa = PBXFileReference; fileEncoding = 4; lastKnownFileType = sourcecode.c.objc; path = "NSImage+SourApps.m"; sourceTree = "<group>"; };
		968A06680BE28101001F830D /* NSURLConnection+FLVR.h */ = {isa = PBXFileReference; fileEncoding = 4; lastKnownFileType = sourcecode.c.h; path = "NSURLConnection+FLVR.h"; sourceTree = "<group>"; };
		968A06690BE28101001F830D /* NSURLConnection+FLVR.m */ = {isa = PBXFileReference; fileEncoding = 4; lastKnownFileType = sourcecode.c.objc; path = "NSURLConnection+FLVR.m"; sourceTree = "<group>"; };
		968A06720BE28101001F830D /* FLVRVideo.h */ = {isa = PBXFileReference; fileEncoding = 4; lastKnownFileType = sourcecode.c.h; path = FLVRVideo.h; sourceTree = "<group>"; };
		968A06730BE28101001F830D /* FLVRVideo.m */ = {isa = PBXFileReference; fileEncoding = 4; lastKnownFileType = sourcecode.c.objc; path = FLVRVideo.m; sourceTree = "<group>"; };
		968A06740BE28101001F830D /* FLVRVideo+Private.h */ = {isa = PBXFileReference; fileEncoding = 4; lastKnownFileType = sourcecode.c.h; path = "FLVRVideo+Private.h"; sourceTree = "<group>"; };
		968A06750BE28101001F830D /* FLVRVideoInterceptor.h */ = {isa = PBXFileReference; fileEncoding = 4; lastKnownFileType = sourcecode.c.h; path = FLVRVideoInterceptor.h; sourceTree = "<group>"; };
		968A06760BE28101001F830D /* FLVRVideoInterceptor.m */ = {isa = PBXFileReference; fileEncoding = 4; lastKnownFileType = sourcecode.c.objc; path = FLVRVideoInterceptor.m; sourceTree = "<group>"; };
		968A06770BE28101001F830D /* FLVRVideoInterceptor+Private.h */ = {isa = PBXFileReference; fileEncoding = 4; lastKnownFileType = sourcecode.c.h; path = "FLVRVideoInterceptor+Private.h"; sourceTree = "<group>"; };
		968A06800BE28101001F830D /* FLVRNowPlayingView.h */ = {isa = PBXFileReference; fileEncoding = 4; lastKnownFileType = sourcecode.c.h; path = FLVRNowPlayingView.h; sourceTree = "<group>"; };
		968A06810BE28102001F830D /* FLVRNowPlayingView.m */ = {isa = PBXFileReference; fileEncoding = 4; lastKnownFileType = sourcecode.c.objc; path = FLVRNowPlayingView.m; sourceTree = "<group>"; };
		968A06840BE28102001F830D /* FLVRScrollView.h */ = {isa = PBXFileReference; fileEncoding = 4; lastKnownFileType = sourcecode.c.h; path = FLVRScrollView.h; sourceTree = "<group>"; };
		968A06850BE28102001F830D /* FLVRScrollView.m */ = {isa = PBXFileReference; fileEncoding = 4; lastKnownFileType = sourcecode.c.objc; path = FLVRScrollView.m; sourceTree = "<group>"; };
		968A06860BE28102001F830D /* FLVRVideoCell.h */ = {isa = PBXFileReference; fileEncoding = 4; lastKnownFileType = sourcecode.c.h; path = FLVRVideoCell.h; sourceTree = "<group>"; };
		968A06870BE28102001F830D /* FLVRVideoCell.m */ = {isa = PBXFileReference; fileEncoding = 4; lastKnownFileType = sourcecode.c.objc; path = FLVRVideoCell.m; sourceTree = "<group>"; };
		968A069C0BE28157001F830D /* Cancel.png */ = {isa = PBXFileReference; lastKnownFileType = image.png; path = Cancel.png; sourceTree = "<group>"; };
		968A06A20BE28157001F830D /* defaults.plist */ = {isa = PBXFileReference; fileEncoding = 4; lastKnownFileType = text.xml; path = defaults.plist; sourceTree = "<group>"; };
		968A06A30BE28157001F830D /* Download.png */ = {isa = PBXFileReference; lastKnownFileType = image.png; path = Download.png; sourceTree = "<group>"; };
		968A06AC0BE28157001F830D /* ffmpeg */ = {isa = PBXFileReference; lastKnownFileType = "compiled.mach-o.executable"; path = ffmpeg; sourceTree = "<group>"; };
		968A06AD0BE28157001F830D /* FLVR.icns */ = {isa = PBXFileReference; lastKnownFileType = image.icns; path = FLVR.icns; sourceTree = "<group>"; };
		968A06C00BE28157001F830D /* NameAndVersion.png */ = {isa = PBXFileReference; lastKnownFileType = image.png; path = NameAndVersion.png; sourceTree = "<group>"; };
		968A06C80BE28157001F830D /* RevealInFinder.png */ = {isa = PBXFileReference; lastKnownFileType = image.png; path = RevealInFinder.png; sourceTree = "<group>"; };
		968A07020BE282C4001F830D /* NSBezierPath+SourApps.h */ = {isa = PBXFileReference; fileEncoding = 4; lastKnownFileType = sourcecode.c.h; path = "NSBezierPath+SourApps.h"; sourceTree = "<group>"; };
		968A072D0BE28378001F830D /* CTGradient.h */ = {isa = PBXFileReference; fileEncoding = 4; lastKnownFileType = sourcecode.c.h; path = CTGradient.h; sourceTree = "<group>"; };
		968A072E0BE28378001F830D /* CTGradient.m */ = {isa = PBXFileReference; fileEncoding = 4; lastKnownFileType = sourcecode.c.objc; path = CTGradient.m; sourceTree = "<group>"; };
		D2F7E65807B2D6F200F64583 /* CoreData.framework */ = {isa = PBXFileReference; lastKnownFileType = wrapper.framework; name = CoreData.framework; path = /System/Library/Frameworks/CoreData.framework; sourceTree = "<absolute>"; };
		F99A76F70CE395F400781C2D /* LICENSE */ = {isa = PBXFileReference; fileEncoding = 4; lastKnownFileType = text; path = LICENSE; sourceTree = "<group>"; };
		F9BA94F20CE920CF008C77DE /* FLVR.app */ = {isa = PBXFileReference; explicitFileType = wrapper.application; includeInIndex = 0; path = FLVR.app; sourceTree = BUILT_PRODUCTS_DIR; };
		F9BA94F40CE920CF008C77DE /* Info.plist */ = {isa = PBXFileReference; lastKnownFileType = text.plist.xml; name = Info.plist; path = ../Info.plist; sourceTree = "<group>"; };
		F9BA95410CE922DD008C77DE /* main.m */ = {isa = PBXFileReference; fileEncoding = 4; lastKnownFileType = sourcecode.c.objc; path = main.m; sourceTree = "<group>"; };
		F9BA958E0CE93447008C77DE /* WebKit.framework */ = {isa = PBXFileReference; lastKnownFileType = wrapper.framework; name = WebKit.framework; path = /System/Library/Frameworks/WebKit.framework; sourceTree = "<absolute>"; };
		F9BA970F0CE94B8F008C77DE /* MainMenu.nib */ = {isa = PBXFileReference; lastKnownFileType = wrapper.nib; path = MainMenu.nib; sourceTree = "<group>"; };
		F9BA97120CE94BA7008C77DE /* DragDropTargetView.h */ = {isa = PBXFileReference; fileEncoding = 4; lastKnownFileType = sourcecode.c.h; path = DragDropTargetView.h; sourceTree = "<group>"; };
		F9BA97130CE94BA7008C77DE /* DragDropTargetView.m */ = {isa = PBXFileReference; fileEncoding = 4; lastKnownFileType = sourcecode.c.objc; path = DragDropTargetView.m; sourceTree = "<group>"; };
		F9BA97140CE94BA7008C77DE /* FLVR.h */ = {isa = PBXFileReference; fileEncoding = 4; lastKnownFileType = sourcecode.c.h; path = FLVR.h; sourceTree = "<group>"; };
		F9BA97150CE94BA7008C77DE /* FLVR.m */ = {isa = PBXFileReference; fileEncoding = 4; lastKnownFileType = sourcecode.c.objc; path = FLVR.m; sourceTree = "<group>"; };
		F9BA97820CE94CCF008C77DE /* AddressBook.framework */ = {isa = PBXFileReference; lastKnownFileType = wrapper.framework; name = AddressBook.framework; path = /System/Library/Frameworks/AddressBook.framework; sourceTree = "<absolute>"; };
		F9D0331B0CEA2A2F009893BC /* DropBackground.png */ = {isa = PBXFileReference; lastKnownFileType = image.png; path = DropBackground.png; sourceTree = "<group>"; };
		F9D0331C0CEA2A2F009893BC /* DropWait.png */ = {isa = PBXFileReference; lastKnownFileType = image.png; path = DropWait.png; sourceTree = "<group>"; };
		F9D0331D0CEA2A2F009893BC /* DropIcon.png */ = {isa = PBXFileReference; lastKnownFileType = image.png; path = DropIcon.png; sourceTree = "<group>"; };
/* End PBXFileReference section */

/* Begin PBXFrameworksBuildPhase section */
		F9BA94F00CE920CF008C77DE /* Frameworks */ = {
			isa = PBXFrameworksBuildPhase;
			buildActionMask = 2147483647;
			files = (
				F9BA95200CE92103008C77DE /* Cocoa.framework in Frameworks */,
				F9BA958F0CE93447008C77DE /* WebKit.framework in Frameworks */,
				F9BA97830CE94CCF008C77DE /* AddressBook.framework in Frameworks */,
			);
			runOnlyForDeploymentPostprocessing = 0;
		};
/* End PBXFrameworksBuildPhase section */

/* Begin PBXGroup section */
		089C166AFE841209C02AAC07 /* FLVR */ = {
			isa = PBXGroup;
			children = (
				08FB77AFFE84173DC02AAC07 /* Source */,
				32C88E010371C26100C91783 /* Other Sources */,
				089C167CFE841241C02AAC07 /* Resources */,
				089C1671FE841209C02AAC07 /* Frameworks and Libraries */,
				19C28FB8FE9D52D311CA2CBB /* Products */,
				F99A76F70CE395F400781C2D /* LICENSE */,
			);
			name = FLVR;
			sourceTree = "<group>";
		};
		089C1671FE841209C02AAC07 /* Frameworks and Libraries */ = {
			isa = PBXGroup;
			children = (
				1058C7ACFEA557BF11CA2CBB /* Linked Frameworks */,
				1058C7AEFEA557BF11CA2CBB /* Other Frameworks */,
			);
			name = "Frameworks and Libraries";
			sourceTree = "<group>";
		};
		089C167CFE841241C02AAC07 /* Resources */ = {
			isa = PBXGroup;
			children = (
				9655AF3A0BE33F2D00B24313 /* Images */,
				9655AF330BE33F0900B24313 /* PSDs */,
				968A06A20BE28157001F830D /* defaults.plist */,
				968A06AC0BE28157001F830D /* ffmpeg */,
				F9BA970F0CE94B8F008C77DE /* MainMenu.nib */,
				F9BA94F40CE920CF008C77DE /* Info.plist */,
			);
			path = Resources;
			sourceTree = "<group>";
		};
		08FB77AFFE84173DC02AAC07 /* Source */ = {
			isa = PBXGroup;
			children = (
				968A06600BE28101001F830D /* 3rd Party */,
				968A06610BE28101001F830D /* Additions */,
				968A06790BE28101001F830D /* Views */,
				F9BA97140CE94BA7008C77DE /* FLVR.h */,
				F9BA97150CE94BA7008C77DE /* FLVR.m */,
				968A06720BE28101001F830D /* FLVRVideo.h */,
				968A06730BE28101001F830D /* FLVRVideo.m */,
				968A06740BE28101001F830D /* FLVRVideo+Private.h */,
				968A06750BE28101001F830D /* FLVRVideoInterceptor.h */,
				968A06760BE28101001F830D /* FLVRVideoInterceptor.m */,
				968A06770BE28101001F830D /* FLVRVideoInterceptor+Private.h */,
				F9BA97120CE94BA7008C77DE /* DragDropTargetView.h */,
				F9BA97130CE94BA7008C77DE /* DragDropTargetView.m */,
			);
			path = Source;
			sourceTree = "<group>";
		};
		1058C7ACFEA557BF11CA2CBB /* Linked Frameworks */ = {
			isa = PBXGroup;
			children = (
				F9BA97820CE94CCF008C77DE /* AddressBook.framework */,
				1058C7ADFEA557BF11CA2CBB /* Cocoa.framework */,
				F9BA958E0CE93447008C77DE /* WebKit.framework */,
			);
			name = "Linked Frameworks";
			sourceTree = "<group>";
		};
		1058C7AEFEA557BF11CA2CBB /* Other Frameworks */ = {
			isa = PBXGroup;
			children = (
				089C167FFE841241C02AAC07 /* AppKit.framework */,
				D2F7E65807B2D6F200F64583 /* CoreData.framework */,
				089C1672FE841209C02AAC07 /* Foundation.framework */,
			);
			name = "Other Frameworks";
			sourceTree = "<group>";
		};
		19C28FB8FE9D52D311CA2CBB /* Products */ = {
			isa = PBXGroup;
			children = (
				F9BA94F20CE920CF008C77DE /* FLVR.app */,
			);
			name = Products;
			sourceTree = "<group>";
		};
		32C88E010371C26100C91783 /* Other Sources */ = {
			isa = PBXGroup;
			children = (
				F9BA95410CE922DD008C77DE /* main.m */,
			);
			name = "Other Sources";
			sourceTree = "<group>";
		};
		9655AF330BE33F0900B24313 /* PSDs */ = {
			isa = PBXGroup;
			children = (
				9655AF340BE33F2700B24313 /* Download.psd */,
				9655AF350BE33F2700B24313 /* RevealInFinder.psd */,
			);
			name = PSDs;
			sourceTree = "<group>";
		};
		9655AF3A0BE33F2D00B24313 /* Images */ = {
			isa = PBXGroup;
			children = (
				F9D0331B0CEA2A2F009893BC /* DropBackground.png */,
				F9D0331C0CEA2A2F009893BC /* DropWait.png */,
				F9D0331D0CEA2A2F009893BC /* DropIcon.png */,
				968A06AD0BE28157001F830D /* FLVR.icns */,
				968A069C0BE28157001F830D /* Cancel.png */,
				968A06A30BE28157001F830D /* Download.png */,
				968A06C00BE28157001F830D /* NameAndVersion.png */,
				968A06C80BE28157001F830D /* RevealInFinder.png */,
			);
			name = Images;
			sourceTree = "<group>";
		};
		968A06600BE28101001F830D /* 3rd Party */ = {
			isa = PBXGroup;
			children = (
				968A072D0BE28378001F830D /* CTGradient.h */,
				968A072E0BE28378001F830D /* CTGradient.m */,
			);
			path = "3rd Party";
			sourceTree = "<group>";
		};
		968A06610BE28101001F830D /* Additions */ = {
			isa = PBXGroup;
			children = (
				968A07020BE282C4001F830D /* NSBezierPath+SourApps.h */,
				968A06620BE28101001F830D /* NSBezierPath+SourApps.m */,
				968A06640BE28101001F830D /* NSImage+SourApps.h */,
				968A06650BE28101001F830D /* NSImage+SourApps.m */,
				968A06680BE28101001F830D /* NSURLConnection+FLVR.h */,
				968A06690BE28101001F830D /* NSURLConnection+FLVR.m */,
			);
			path = Additions;
			sourceTree = "<group>";
		};
		968A06790BE28101001F830D /* Views */ = {
			isa = PBXGroup;
			children = (
				968A06800BE28101001F830D /* FLVRNowPlayingView.h */,
				968A06810BE28102001F830D /* FLVRNowPlayingView.m */,
				968A06840BE28102001F830D /* FLVRScrollView.h */,
				968A06850BE28102001F830D /* FLVRScrollView.m */,
				968A06860BE28102001F830D /* FLVRVideoCell.h */,
				968A06870BE28102001F830D /* FLVRVideoCell.m */,
			);
			path = Views;
			sourceTree = "<group>";
		};
/* End PBXGroup section */

/* Begin PBXNativeTarget section */
		F9BA94F10CE920CF008C77DE /* FLVR */ = {
			isa = PBXNativeTarget;
			buildConfigurationList = F9BA94F70CE920D0008C77DE /* Build configuration list for PBXNativeTarget "FLVR" */;
			buildPhases = (
				F9BA94EE0CE920CF008C77DE /* Resources */,
				F9BA94EF0CE920CF008C77DE /* Sources */,
				F9BA94F00CE920CF008C77DE /* Frameworks */,
			);
			buildRules = (
			);
			dependencies = (
			);
			name = FLVR;
			productName = App;
			productReference = F9BA94F20CE920CF008C77DE /* FLVR.app */;
			productType = "com.apple.product-type.application";
		};
/* End PBXNativeTarget section */

/* Begin PBXProject section */
		089C1669FE841209C02AAC07 /* Project object */ = {
			isa = PBXProject;
			buildConfigurationList = 1DEB913E08733D840010E9CD /* Build configuration list for PBXProject "FLVR" */;
			compatibilityVersion = "Xcode 2.4";
			hasScannedForEncodings = 1;
			knownRegions = (
				English,
				Japanese,
				French,
				German,
				de,
				en,
				es,
				fr,
				ja,
				ko,
				nl,
				sv,
			);
			mainGroup = 089C166AFE841209C02AAC07 /* FLVR */;
			projectDirPath = "";
			projectRoot = "";
			targets = (
				F9BA94F10CE920CF008C77DE /* FLVR */,
			);
		};
/* End PBXProject section */

/* Begin PBXResourcesBuildPhase section */
		F9BA94EE0CE920CF008C77DE /* Resources */ = {
			isa = PBXResourcesBuildPhase;
			buildActionMask = 2147483647;
			files = (
				F9BA94FA0CE920DE008C77DE /* Cancel.png in Resources */,
				F9BA94FB0CE920DE008C77DE /* defaults.plist in Resources */,
				F9BA94FC0CE920DE008C77DE /* Download.png in Resources */,
				F9BA94FD0CE920DE008C77DE /* ffmpeg in Resources */,
				F9BA94FE0CE920DE008C77DE /* FLVR.icns in Resources */,
				F9BA95010CE920DE008C77DE /* NameAndVersion.png in Resources */,
				F9BA95030CE920DE008C77DE /* RevealInFinder.png in Resources */,
				F9BA95090CE920DE008C77DE /* Download.psd in Resources */,
				F9BA950A0CE920DE008C77DE /* RevealInFinder.psd in Resources */,
				F9BA950D0CE920DE008C77DE /* LICENSE in Resources */,
				F9BA97100CE94B8F008C77DE /* MainMenu.nib in Resources */,
				F9D0331E0CEA2A2F009893BC /* DropBackground.png in Resources */,
				F9D0331F0CEA2A2F009893BC /* DropWait.png in Resources */,
				F9D033200CEA2A2F009893BC /* DropIcon.png in Resources */,
			);
			runOnlyForDeploymentPostprocessing = 0;
		};
/* End PBXResourcesBuildPhase section */

/* Begin PBXSourcesBuildPhase section */
		F9BA94EF0CE920CF008C77DE /* Sources */ = {
			isa = PBXSourcesBuildPhase;
			buildActionMask = 2147483647;
			files = (
				F9BA950E0CE920F0008C77DE /* NSBezierPath+SourApps.m in Sources */,
				F9BA950F0CE920F0008C77DE /* NSImage+SourApps.m in Sources */,
				F9BA95100CE920F0008C77DE /* NSURLConnection+FLVR.m in Sources */,
				F9BA95150CE920F0008C77DE /* FLVRVideo.m in Sources */,
				F9BA95160CE920F0008C77DE /* FLVRVideoInterceptor.m in Sources */,
				F9BA951A0CE920F0008C77DE /* FLVRNowPlayingView.m in Sources */,
				F9BA951C0CE920F0008C77DE /* FLVRScrollView.m in Sources */,
				F9BA951D0CE920F0008C77DE /* FLVRVideoCell.m in Sources */,
				F9BA951E0CE920F0008C77DE /* CTGradient.m in Sources */,
				F9BA95420CE922DD008C77DE /* main.m in Sources */,
				F9BA971E0CE94BA8008C77DE /* DragDropTargetView.m in Sources */,
				F9BA971F0CE94BA8008C77DE /* FLVR.m in Sources */,
			);
			runOnlyForDeploymentPostprocessing = 0;
		};
/* End PBXSourcesBuildPhase section */

/* Begin XCBuildConfiguration section */
		1DEB913F08733D840010E9CD /* Debug */ = {
			isa = XCBuildConfiguration;
			buildSettings = {
				GCC_WARN_ABOUT_RETURN_TYPE = YES;
				GCC_WARN_UNUSED_VARIABLE = YES;
				PREBINDING = NO;
				SDKROOT = /Developer/SDKs/MacOSX10.4u.sdk;
			};
			name = Debug;
		};
		1DEB914008733D840010E9CD /* Release */ = {
			isa = XCBuildConfiguration;
			buildSettings = {
				GCC_WARN_ABOUT_RETURN_TYPE = YES;
				GCC_WARN_UNUSED_VARIABLE = YES;
				PREBINDING = NO;
				SDKROOT = /Developer/SDKs/MacOSX10.4u.sdk;
			};
			name = Release;
		};
		F9BA94F50CE920D0008C77DE /* Debug */ = {
			isa = XCBuildConfiguration;
			buildSettings = {
				COPY_PHASE_STRIP = NO;
				FRAMEWORK_SEARCH_PATHS = (
					"$(inherited)",
					"$(FRAMEWORK_SEARCH_PATHS_QUOTED_FOR_TARGET_1)",
				);
				FRAMEWORK_SEARCH_PATHS_QUOTED_FOR_TARGET_1 = "\"$(SRCROOT)\"";
				GCC_C_LANGUAGE_STANDARD = gnu99;
				GCC_DYNAMIC_NO_PIC = NO;
				GCC_ENABLE_FIX_AND_CONTINUE = YES;
				GCC_MODEL_TUNING = G5;
				GCC_OPTIMIZATION_LEVEL = 0;
				GCC_PRECOMPILE_PREFIX_HEADER = YES;
				GCC_PREFIX_HEADER = "$(SYSTEM_LIBRARY_DIR)/Frameworks/AppKit.framework/Headers/AppKit.h";
				INFOPLIST_FILE = Info.plist;
				INSTALL_PATH = "$(HOME)/Applications";
				OTHER_LDFLAGS = (
					"-framework",
					Foundation,
					"-framework",
					AppKit,
					"-undefined",
					dynamic_lookup,
					"-lcrypto",
				);
				PREBINDING = NO;
				PRODUCT_NAME = FLVR;
				VALID_ARCHS = "ppc64 ppc7400 ppc970 i386 x86_64 ppc";
				WRAPPER_EXTENSION = app;
				ZERO_LINK = YES;
			};
			name = Debug;
		};
		F9BA94F60CE920D0008C77DE /* Release */ = {
			isa = XCBuildConfiguration;
			buildSettings = {
				ARCHS = (
					i386,
					ppc,
				);
				COPY_PHASE_STRIP = YES;
				DEBUG_INFORMATION_FORMAT = "dwarf-with-dsym";
				FRAMEWORK_SEARCH_PATHS = (
					"$(inherited)",
					"$(FRAMEWORK_SEARCH_PATHS_QUOTED_FOR_TARGET_1)",
				);
				FRAMEWORK_SEARCH_PATHS_QUOTED_FOR_TARGET_1 = "\"$(SRCROOT)\"";
				GCC_C_LANGUAGE_STANDARD = gnu99;
				GCC_ENABLE_FIX_AND_CONTINUE = NO;
				GCC_MODEL_TUNING = G5;
				GCC_PRECOMPILE_PREFIX_HEADER = YES;
				GCC_PREFIX_HEADER = "$(SYSTEM_LIBRARY_DIR)/Frameworks/AppKit.framework/Headers/AppKit.h";
				INFOPLIST_FILE = Resources/Info.plist;
				INSTALL_PATH = "$(HOME)/Applications";
				OTHER_LDFLAGS = (
					"-framework",
					Foundation,
					"-framework",
					AppKit,
					"-undefined",
					dynamic_lookup,
					"-lcrypto",
				);
				PREBINDING = NO;
				PRODUCT_NAME = FLVR;
				VALID_ARCHS = "ppc64 ppc7400 ppc970 i386 x86_64 ppc";
				WRAPPER_EXTENSION = app;
				ZERO_LINK = NO;
			};
			name = Release;
		};
/* End XCBuildConfiguration section */

/* Begin XCConfigurationList section */
		1DEB913E08733D840010E9CD /* Build configuration list for PBXProject "FLVR" */ = {
			isa = XCConfigurationList;
			buildConfigurations = (
				1DEB913F08733D840010E9CD /* Debug */,
				1DEB914008733D840010E9CD /* Release */,
			);
			defaultConfigurationIsVisible = 0;
			defaultConfigurationName = Release;
		};
		F9BA94F70CE920D0008C77DE /* Build configuration list for PBXNativeTarget "FLVR" */ = {
			isa = XCConfigurationList;
			buildConfigurations = (
				F9BA94F50CE920D0008C77DE /* Debug */,
				F9BA94F60CE920D0008C77DE /* Release */,
			);
			defaultConfigurationIsVisible = 0;
			defaultConfigurationName = Release;
		};
/* End XCConfigurationList section */
	};
	rootObject = 089C1669FE841209C02AAC07 /* Project object */;
}
